
Microsoft Visual Studio Solution File, Format Version 12.00
# Visual Studio Version 16
VisualStudioVersion = 16.0.29102.190
MinimumVisualStudioVersion = 10.0.40219.1
Project("{FAE04EC0-301F-11D3-BF4B-00C04F79EFBC}") = "Philson", "Philson\Philson.csproj", "{781EE336-69A2-4376-A0AF-0695EB6443AB}"
EndProject
Global
	GlobalSection(SolutionConfigurationPlatforms) = preSolution
		Debug|Any CPU = Debug|Any CPU
		Release|Any CPU = Release|Any CPU
	EndGlobalSection
	GlobalSection(ProjectConfigurationPlatforms) = postSolution
		{781EE336-69A2-4376-A0AF-0695EB6443AB}.Debug|Any CPU.ActiveCfg = Debug|Any CPU
		{781EE336-69A2-4376-A0AF-0695EB6443AB}.Debug|Any CPU.Build.0 = Debug|Any CPU
		{781EE336-69A2-4376-A0AF-0695EB6443AB}.Release|Any CPU.ActiveCfg = Release|Any CPU
		{781EE336-69A2-4376-A0AF-0695EB6443AB}.Release|Any CPU.Build.0 = Release|Any CPU
	EndGlobalSection
	GlobalSection(SolutionProperties) = preSolution
		HideSolutionNode = FALSE
	EndGlobalSection
	GlobalSection(ExtensibilityGlobals) = postSolution
		SolutionGuid = {217172F6-A7F1-4E94-AE51-9D53FDE95F6D}
	EndGlobalSection
EndGlobal
